
Microsoft Visual Studio Solution File, Format Version 12.00
# Visual Studio Version 16
VisualStudioVersion = 16.0.30804.86
MinimumVisualStudioVersion = 10.0.40219.1
Project("{FAE04EC0-301F-11D3-BF4B-00C04F79EFBC}") = "Web", "Web\Web.csproj", "{FA8E4FC8-0229-46BC-BBE7-CE8BE3892AA1}"
EndProject
Global
	GlobalSection(SolutionConfigurationPlatforms) = preSolution
		Debug|Any CPU = Debug|Any CPU
		Release|Any CPU = Release|Any CPU
	EndGlobalSection
	GlobalSection(ProjectConfigurationPlatforms) = postSolution
		{FA8E4FC8-0229-46BC-BBE7-CE8BE3892AA1}.Debug|Any CPU.ActiveCfg = Debug|Any CPU
		{FA8E4FC8-0229-46BC-BBE7-CE8BE3892AA1}.Debug|Any CPU.Build.0 = Debug|Any CPU
		{FA8E4FC8-0229-46BC-BBE7-CE8BE3892AA1}.Release|Any CPU.ActiveCfg = Release|Any CPU
		{FA8E4FC8-0229-46BC-BBE7-CE8BE3892AA1}.Release|Any CPU.Build.0 = Release|Any CPU
	EndGlobalSection
	GlobalSection(SolutionProperties) = preSolution
		HideSolutionNode = FALSE
	EndGlobalSection
	GlobalSection(ExtensibilityGlobals) = postSolution
		SolutionGuid = {ADE6D127-38BF-4114-84CB-EBD09CE4EE06}
	EndGlobalSection
EndGlobal
